// !$*UTF8*$!
{
	archiveVersion = 1;
	classes = {
	};
	objectVersion = 56;
	objects = {

/* Begin PBXBuildFile section */
		A10000000000000000000001 /* CodeOSSIpadApp.swift in Sources */ = {isa = PBXBuildFile; fileRef = A20000000000000000000001 /* CodeOSSIpadApp.swift */; };
		A10000000000000000000002 /* RootView.swift in Sources */ = {isa = PBXBuildFile; fileRef = A20000000000000000000002 /* RootView.swift */; };
		A10000000000000000000003 /* WorkbenchWebView.swift in Sources */ = {isa = PBXBuildFile; fileRef = A20000000000000000000003 /* WorkbenchWebView.swift */; };
		A10000000000000000000004 /* Configuration.swift in Sources */ = {isa = PBXBuildFile; fileRef = A20000000000000000000004 /* Configuration.swift */; };
		A10000000000000000000005 /* Assets.xcassets in Resources */ = {isa = PBXBuildFile; fileRef = A20000000000000000000005 /* Assets.xcassets */; };
		A10000000000000000000006 /* PrivacyInfo.xcprivacy in Resources */ = {isa = PBXBuildFile; fileRef = A20000000000000000000006 /* PrivacyInfo.xcprivacy */; };
/* End PBXBuildFile section */

/* Begin PBXFileReference section */
		A20000000000000000000001 /* CodeOSSIpadApp.swift */ = {isa = PBXFileReference; lastKnownFileType = sourcecode.swift; path = CodeOSSIpadApp.swift; sourceTree = "<group>"; };
		A20000000000000000000002 /* RootView.swift */ = {isa = PBXFileReference; lastKnownFileType = sourcecode.swift; path = RootView.swift; sourceTree = "<group>"; };
		A20000000000000000000003 /* WorkbenchWebView.swift */ = {isa = PBXFileReference; lastKnownFileType = sourcecode.swift; path = WorkbenchWebView.swift; sourceTree = "<group>"; };
		A20000000000000000000004 /* Configuration.swift */ = {isa = PBXFileReference; lastKnownFileType = sourcecode.swift; path = Configuration.swift; sourceTree = "<group>"; };
		A20000000000000000000005 /* Assets.xcassets */ = {isa = PBXFileReference; lastKnownFileType = folder.assetcatalog; path = Assets.xcassets; sourceTree = "<group>"; };
		A20000000000000000000006 /* PrivacyInfo.xcprivacy */ = {isa = PBXFileReference; lastKnownFileType = text.plist.xml; path = PrivacyInfo.xcprivacy; sourceTree = "<group>"; };
		A20000000000000000000007 /* Info.plist */ = {isa = PBXFileReference; lastKnownFileType = text.plist.xml; path = Info.plist; sourceTree = "<group>"; };
		A20000000000000000000008 /* CodeOSSIpad.app */ = {isa = PBXFileReference; explicitFileType = wrapper.application; includeInIndex = 0; path = CodeOSSIpad.app; sourceTree = BUILT_PRODUCTS_DIR; };
/* End PBXFileReference section */

/* Begin PBXFrameworksBuildPhase section */
		A30000000000000000000001 /* Frameworks */ = {
			isa = PBXFrameworksBuildPhase;
			buildActionMask = 2147483647;
			files = (
			);
			runOnlyForDeploymentPostprocessing = 0;
		};
/* End PBXFrameworksBuildPhase section */

/* Begin PBXGroup section */
		A40000000000000000000001 = {
			isa = PBXGroup;
			children = (
				A40000000000000000000002 /* CodeOSSIpad */,
				A40000000000000000000003 /* Products */,
			);
			sourceTree = "<group>";
		};
		A40000000000000000000002 /* CodeOSSIpad */ = {
			isa = PBXGroup;
			children = (
				A20000000000000000000001 /* CodeOSSIpadApp.swift */,
				A20000000000000000000002 /* RootView.swift */,
				A20000000000000000000003 /* WorkbenchWebView.swift */,
				A20000000000000000000004 /* Configuration.swift */,
				A20000000000000000000005 /* Assets.xcassets */,
				A20000000000000000000006 /* PrivacyInfo.xcprivacy */,
				A20000000000000000000007 /* Info.plist */,
			);
			path = CodeOSSIpad;
			sourceTree = "<group>";
		};
		A40000000000000000000003 /* Products */ = {
			isa = PBXGroup;
			children = (
				A20000000000000000000008 /* CodeOSSIpad.app */,
			);
			name = Products;
			sourceTree = "<group>";
		};
/* End PBXGroup section */

/* Begin PBXNativeTarget section */
		A50000000000000000000001 /* CodeOSSIpad */ = {
			isa = PBXNativeTarget;
			buildConfigurationList = A70000000000000000000003 /* Build configuration list for PBXNativeTarget "CodeOSSIpad" */;
			buildPhases = (
				A60000000000000000000001 /* Sources */,
				A30000000000000000000001 /* Frameworks */,
				A60000000000000000000002 /* Resources */,
			);
			buildRules = (
			);
			dependencies = (
			);
			name = CodeOSSIpad;
			productName = CodeOSSIpad;
			productReference = A20000000000000000000008 /* CodeOSSIpad.app */;
			productType = "com.apple.product-type.application";
		};
/* End PBXNativeTarget section */

/* Begin PBXProject section */
		A80000000000000000000001 /* Project object */ = {
			isa = PBXProject;
			attributes = {
				BuildIndependentTargetsInParallel = 1;
				LastSwiftUpdateCheck = 1540;
				LastUpgradeCheck = 1540;
				TargetAttributes = {
					A50000000000000000000001 = {
						CreatedOnToolsVersion = 15.4;
					};
				};
			};
			buildConfigurationList = A70000000000000000000001 /* Build configuration list for PBXProject "CodeOSSIpad" */;
			compatibilityVersion = "Xcode 14.0";
			developmentRegion = en;
			hasScannedForEncodings = 0;
			knownRegions = (
				en,
				Base,
			);
			mainGroup = A40000000000000000000001;
			productRefGroup = A40000000000000000000003 /* Products */;
			projectDirPath = "";
			projectRoot = "";
			targets = (
				A50000000000000000000001 /* CodeOSSIpad */,
			);
		};
/* End PBXProject section */

/* Begin PBXResourcesBuildPhase section */
		A60000000000000000000002 /* Resources */ = {
			isa = PBXResourcesBuildPhase;
			buildActionMask = 2147483647;
			files = (
				A10000000000000000000005 /* Assets.xcassets in Resources */,
				A10000000000000000000006 /* PrivacyInfo.xcprivacy in Resources */,
			);
			runOnlyForDeploymentPostprocessing = 0;
		};
/* End PBXResourcesBuildPhase section */

/* Begin PBXSourcesBuildPhase section */
		A60000000000000000000001 /* Sources */ = {
			isa = PBXSourcesBuildPhase;
			buildActionMask = 2147483647;
			files = (
				A10000000000000000000001 /* CodeOSSIpadApp.swift in Sources */,
				A10000000000000000000002 /* RootView.swift in Sources */,
				A10000000000000000000003 /* WorkbenchWebView.swift in Sources */,
				A10000000000000000000004 /* Configuration.swift in Sources */,
			);
			runOnlyForDeploymentPostprocessing = 0;
		};
/* End PBXSourcesBuildPhase section */

/* Begin XCBuildConfiguration section */
		A90000000000000000000001 /* Debug */ = {
			isa = XCBuildConfiguration;
			buildSettings = {
				ALWAYS_SEARCH_USER_PATHS = NO;
				CLANG_ENABLE_MODULES = YES;
				CLANG_ENABLE_OBJC_ARC = YES;
				COPY_PHASE_STRIP = NO;
				DEBUG_INFORMATION_FORMAT = dwarf;
				ENABLE_TESTABILITY = YES;
				GCC_DYNAMIC_NO_PIC = NO;
				GCC_OPTIMIZATION_LEVEL = 0;
				IPHONEOS_DEPLOYMENT_TARGET = 17.0;
				ONLY_ACTIVE_ARCH = YES;
				SDKROOT = iphoneos;
				SWIFT_ACTIVE_COMPILATION_CONDITIONS = DEBUG;
				SWIFT_OPTIMIZATION_LEVEL = "-Onone";
			};
			name = Debug;
		};
		A90000000000000000000002 /* Release */ = {
			isa = XCBuildConfiguration;
			buildSettings = {
				ALWAYS_SEARCH_USER_PATHS = NO;
				CLANG_ENABLE_MODULES = YES;
				CLANG_ENABLE_OBJC_ARC = YES;
				COPY_PHASE_STRIP = NO;
				DEBUG_INFORMATION_FORMAT = "dwarf-with-dsym";
				IPHONEOS_DEPLOYMENT_TARGET = 17.0;
				SDKROOT = iphoneos;
				SWIFT_COMPILATION_MODE = wholemodule;
				VALIDATE_PRODUCT = YES;
			};
			name = Release;
		};
		A90000000000000000000003 /* Debug */ = {
			isa = XCBuildConfiguration;
			buildSettings = {
				ASSETCATALOG_COMPILER_APPICON_NAME = AppIcon;
				ASSETCATALOG_COMPILER_GLOBAL_ACCENT_COLOR_NAME = AccentColor;
				CODE_SIGN_STYLE = Automatic;
				CURRENT_PROJECT_VERSION = 1;
				DEVELOPMENT_TEAM = "";
				ENABLE_PREVIEWS = YES;
				GENERATE_INFOPLIST_FILE = NO;
				INFOPLIST_FILE = CodeOSSIpad/Info.plist;
				INFOPLIST_KEY_CFBundleDisplayName = "Code OSS";
				INFOPLIST_KEY_LSApplicationCategoryType = "public.app-category.developer-tools";
				INFOPLIST_KEY_UIApplicationSupportsIndirectInputEvents = YES;
				LD_RUNPATH_SEARCH_PATHS = (
					"$(inherited)",
					"@executable_path/Frameworks",
				);
				MARKETING_VERSION = 1.0.0;
				PRODUCT_BUNDLE_IDENTIFIER = com.amirrivand.codeoss.ipad;
				PRODUCT_NAME = "$(TARGET_NAME)";
				SDKROOT = iphoneos;
				SUPPORTED_PLATFORMS = "iphoneos iphonesimulator";
				SUPPORTS_MACCATALYST = NO;
				SUPPORTS_MAC_DESIGNED_FOR_IPAD = NO;
				SUPPORTS_XR_DESIGNED_FOR_IPAD = NO;
				SWIFT_EMIT_LOC_STRINGS = YES;
				SWIFT_VERSION = 5.0;
				TARGETED_DEVICE_FAMILY = 2;
			};
			name = Debug;
		};
		A90000000000000000000004 /* Release */ = {
			isa = XCBuildConfiguration;
			buildSettings = {
				ASSETCATALOG_COMPILER_APPICON_NAME = AppIcon;
				ASSETCATALOG_COMPILER_GLOBAL_ACCENT_COLOR_NAME = AccentColor;
				CODE_SIGN_STYLE = Automatic;
				CURRENT_PROJECT_VERSION = 1;
				DEVELOPMENT_TEAM = "";
				ENABLE_PREVIEWS = YES;
				GENERATE_INFOPLIST_FILE = NO;
				INFOPLIST_FILE = CodeOSSIpad/Info.plist;
				INFOPLIST_KEY_CFBundleDisplayName = "Code OSS";
				INFOPLIST_KEY_LSApplicationCategoryType = "public.app-category.developer-tools";
				INFOPLIST_KEY_UIApplicationSupportsIndirectInputEvents = YES;
				LD_RUNPATH_SEARCH_PATHS = (
					"$(inherited)",
					"@executable_path/Frameworks",
				);
				MARKETING_VERSION = 1.0.0;
				PRODUCT_BUNDLE_IDENTIFIER = com.amirrivand.codeoss.ipad;
				PRODUCT_NAME = "$(TARGET_NAME)";
				SDKROOT = iphoneos;
				SUPPORTED_PLATFORMS = "iphoneos iphonesimulator";
				SUPPORTS_MACCATALYST = NO;
				SUPPORTS_MAC_DESIGNED_FOR_IPAD = NO;
				SUPPORTS_XR_DESIGNED_FOR_IPAD = NO;
				SWIFT_EMIT_LOC_STRINGS = YES;
				SWIFT_VERSION = 5.0;
				TARGETED_DEVICE_FAMILY = 2;
			};
			name = Release;
		};
/* End XCBuildConfiguration section */

/* Begin XCConfigurationList section */
		A70000000000000000000001 /* Build configuration list for PBXProject "CodeOSSIpad" */ = {
			isa = XCConfigurationList;
			buildConfigurations = (
				A90000000000000000000001 /* Debug */,
				A90000000000000000000002 /* Release */,
			);
			defaultConfigurationIsVisible = 0;
			defaultConfigurationName = Release;
		};
		A70000000000000000000003 /* Build configuration list for PBXNativeTarget "CodeOSSIpad" */ = {
			isa = XCConfigurationList;
			buildConfigurations = (
				A90000000000000000000003 /* Debug */,
				A90000000000000000000004 /* Release */,
			);
			defaultConfigurationIsVisible = 0;
			defaultConfigurationName = Release;
		};
/* End XCConfigurationList section */
	};
	rootObject = A80000000000000000000001 /* Project object */;
}
